
Microsoft Visual Studio Solution File, Format Version 12.00
# Visual Studio 14
VisualStudioVersion = 14.0.25123.0
MinimumVisualStudioVersion = 10.0.40219.1
Project("{FAE04EC0-301F-11D3-BF4B-00C04F79EFBC}") = "App2", "App2\App2.csproj", "{BB6963EA-9E2A-4F4B-AE9F-09496E7FD46B}"
EndProject
Global
	GlobalSection(SolutionConfigurationPlatforms) = preSolution
		Debug|ARM = Debug|ARM
		Debug|x64 = Debug|x64
		Debug|x86 = Debug|x86
		Release|ARM = Release|ARM
		Release|x64 = Release|x64
		Release|x86 = Release|x86
	EndGlobalSection
	GlobalSection(ProjectConfigurationPlatforms) = postSolution
		{BB6963EA-9E2A-4F4B-AE9F-09496E7FD46B}.Debug|ARM.ActiveCfg = Debug|ARM
		{BB6963EA-9E2A-4F4B-AE9F-09496E7FD46B}.Debug|ARM.Build.0 = Debug|ARM
		{BB6963EA-9E2A-4F4B-AE9F-09496E7FD46B}.Debug|ARM.Deploy.0 = Debug|ARM
		{BB6963EA-9E2A-4F4B-AE9F-09496E7FD46B}.Debug|x64.ActiveCfg = Debug|x64
		{BB6963EA-9E2A-4F4B-AE9F-09496E7FD46B}.Debug|x64.Build.0 = Debug|x64
		{BB6963EA-9E2A-4F4B-AE9F-09496E7FD46B}.Debug|x64.Deploy.0 = Debug|x64
		{BB6963EA-9E2A-4F4B-AE9F-09496E7FD46B}.Debug|x86.ActiveCfg = Debug|x86
		{BB6963EA-9E2A-4F4B-AE9F-09496E7FD46B}.Debug|x86.Build.0 = Debug|x86
		{BB6963EA-9E2A-4F4B-AE9F-09496E7FD46B}.Debug|x86.Deploy.0 = Debug|x86
		{BB6963EA-9E2A-4F4B-AE9F-09496E7FD46B}.Release|ARM.ActiveCfg = Release|ARM
		{BB6963EA-9E2A-4F4B-AE9F-09496E7FD46B}.Release|ARM.Build.0 = Release|ARM
		{BB6963EA-9E2A-4F4B-AE9F-09496E7FD46B}.Release|ARM.Deploy.0 = Release|ARM
		{BB6963EA-9E2A-4F4B-AE9F-09496E7FD46B}.Release|x64.ActiveCfg = Release|x64
		{BB6963EA-9E2A-4F4B-AE9F-09496E7FD46B}.Release|x64.Build.0 = Release|x64
		{BB6963EA-9E2A-4F4B-AE9F-09496E7FD46B}.Release|x64.Deploy.0 = Release|x64
		{BB6963EA-9E2A-4F4B-AE9F-09496E7FD46B}.Release|x86.ActiveCfg = Release|x86
		{BB6963EA-9E2A-4F4B-AE9F-09496E7FD46B}.Release|x86.Build.0 = Release|x86
		{BB6963EA-9E2A-4F4B-AE9F-09496E7FD46B}.Release|x86.Deploy.0 = Release|x86
	EndGlobalSection
	GlobalSection(SolutionProperties) = preSolution
		HideSolutionNode = FALSE
	EndGlobalSection
EndGlobal
